
Microsoft Visual Studio Solution File, Format Version 12.00
# Visual Studio Version 16
VisualStudioVersion = 16.0.31105.61
MinimumVisualStudioVersion = 10.0.40219.1
Project("{FAE04EC0-301F-11D3-BF4B-00C04F79EFBC}") = "Style01", "Style01\Style01.csproj", "{3AC04E35-5D0B-4529-818D-9B72202D4C33}"
EndProject
Global
	GlobalSection(SolutionConfigurationPlatforms) = preSolution
		Debug|Any CPU = Debug|Any CPU
		Release|Any CPU = Release|Any CPU
	EndGlobalSection
	GlobalSection(ProjectConfigurationPlatforms) = postSolution
		{3AC04E35-5D0B-4529-818D-9B72202D4C33}.Debug|Any CPU.ActiveCfg = Debug|Any CPU
		{3AC04E35-5D0B-4529-818D-9B72202D4C33}.Debug|Any CPU.Build.0 = Debug|Any CPU
		{3AC04E35-5D0B-4529-818D-9B72202D4C33}.Release|Any CPU.ActiveCfg = Release|Any CPU
		{3AC04E35-5D0B-4529-818D-9B72202D4C33}.Release|Any CPU.Build.0 = Release|Any CPU
	EndGlobalSection
	GlobalSection(SolutionProperties) = preSolution
		HideSolutionNode = FALSE
	EndGlobalSection
	GlobalSection(ExtensibilityGlobals) = postSolution
		SolutionGuid = {0098526C-D053-446E-8C8B-33DFFA3C1C20}
	EndGlobalSection
EndGlobal
